
Microsoft Visual Studio Solution File, Format Version 12.00
# Visual Studio Version 17
VisualStudioVersion = 17.13.35913.81 d17.13
MinimumVisualStudioVersion = 10.0.40219.1
Project("{FAE04EC0-301F-11D3-BF4B-00C04F79EFBC}") = "BankingSystem", "BankingSystem\BankingSystem.csproj", "{091A589C-273E-445A-A1C8-B678C28F2CEF}"
EndProject
Global
	GlobalSection(SolutionConfigurationPlatforms) = preSolution
		Debug|Any CPU = Debug|Any CPU
		Release|Any CPU = Release|Any CPU
	EndGlobalSection
	GlobalSection(ProjectConfigurationPlatforms) = postSolution
		{091A589C-273E-445A-A1C8-B678C28F2CEF}.Debug|Any CPU.ActiveCfg = Debug|Any CPU
		{091A589C-273E-445A-A1C8-B678C28F2CEF}.Debug|Any CPU.Build.0 = Debug|Any CPU
		{091A589C-273E-445A-A1C8-B678C28F2CEF}.Release|Any CPU.ActiveCfg = Release|Any CPU
		{091A589C-273E-445A-A1C8-B678C28F2CEF}.Release|Any CPU.Build.0 = Release|Any CPU
	EndGlobalSection
	GlobalSection(SolutionProperties) = preSolution
		HideSolutionNode = FALSE
	EndGlobalSection
	GlobalSection(ExtensibilityGlobals) = postSolution
		SolutionGuid = {1390DC93-60AD-4EE6-972B-D0C4F59B7A6F}
	EndGlobalSection
EndGlobal
